
Microsoft Visual Studio Solution File, Format Version 12.00
# Visual Studio 15
VisualStudioVersion = 15.0.27004.2009
MinimumVisualStudioVersion = 10.0.40219.1
Project("{2150E333-8FDC-42A3-9474-1A3956D46DE8}") = "1 - Presentation", "1 - Presentation", "{E4613F6B-F746-48F4-8185-B5795491DEB9}"
EndProject
Project("{2150E333-8FDC-42A3-9474-1A3956D46DE8}") = "1.1 - Cross Platform", "1.1 - Cross Platform", "{330C1304-1D2E-4307-AA91-A67ABE23F633}"
EndProject
Project("{2150E333-8FDC-42A3-9474-1A3956D46DE8}") = "1.2 - Web", "1.2 - Web", "{C4A51DC8-D10F-4CFA-8537-8B1F74E80EC9}"
EndProject
Project("{2150E333-8FDC-42A3-9474-1A3956D46DE8}") = "2 - Domain", "2 - Domain", "{F2C6488C-6654-4F91-AF12-996D766AB405}"
EndProject
Project("{2150E333-8FDC-42A3-9474-1A3956D46DE8}") = "2.1 - Shared", "2.1 - Shared", "{19275686-4E0F-406E-9A09-9D6FEA3D4A91}"
EndProject
Project("{2150E333-8FDC-42A3-9474-1A3956D46DE8}") = "2.2 - Identity", "2.2 - Identity", "{AE690C43-16F6-4830-BC00-F096B69F2629}"
EndProject
Project("{2150E333-8FDC-42A3-9474-1A3956D46DE8}") = "2.3 - Geo Location", "2.3 - Geo Location", "{D5716D2C-5271-4DFE-80CF-AB8F01A545ED}"
EndProject
Project("{2150E333-8FDC-42A3-9474-1A3956D46DE8}") = "2.4 - Customer Manager", "2.4 - Customer Manager", "{77CD2568-BB80-4C3B-92EC-7D185F2C7E70}"
EndProject
Project("{2150E333-8FDC-42A3-9474-1A3956D46DE8}") = "Application", "Application", "{BDF402E2-08B2-409F-A653-980AE01EFD7A}"
EndProject
Project("{2150E333-8FDC-42A3-9474-1A3956D46DE8}") = "Domain", "Domain", "{35EC8011-B769-4D33-AA96-12911D038A37}"
EndProject
Project("{2150E333-8FDC-42A3-9474-1A3956D46DE8}") = "Infra", "Infra", "{DB325914-1861-49D1-8AFC-99F749B1AD1B}"
EndProject
Project("{2150E333-8FDC-42A3-9474-1A3956D46DE8}") = "Data", "Data", "{EAC4566D-3E1C-4965-AD4F-3ACD88205F81}"
EndProject
Project("{2150E333-8FDC-42A3-9474-1A3956D46DE8}") = "IoC", "IoC", "{C42FEAD5-1EC6-4654-BC40-31E7A0747B48}"
EndProject
Project("{9A19103F-16F7-4668-BE54-9A1E7A4F7556}") = "CrossBackEnd.GeoLocation.Domain", "src\2_Domain\2.3_GeoLocation\CrossBackEnd.GeoLocation.Domain\CrossBackEnd.GeoLocation.Domain.csproj", "{04F826DC-1524-4070-A03C-EA267D293961}"
EndProject
Project("{9A19103F-16F7-4668-BE54-9A1E7A4F7556}") = "CrossBackEnd.GeoLocation.Application", "src\2_Domain\2.3_GeoLocation\CrossBackEnd.GeoLocation.Application\CrossBackEnd.GeoLocation.Application.csproj", "{70F13F95-0C85-4F2B-BD11-07DD70D88419}"
EndProject
Project("{9A19103F-16F7-4668-BE54-9A1E7A4F7556}") = "CrossBackEnd.GeoLocation.Infra.Client.Data", "src\2_Domain\2.3_GeoLocation\CrossBackEnd.GeoLocation.Infra.Client.Data\CrossBackEnd.GeoLocation.Infra.Client.Data.csproj", "{9E7CE21A-E6A9-4CDB-97C7-FD9844524B69}"
EndProject
Project("{9A19103F-16F7-4668-BE54-9A1E7A4F7556}") = "CrossBackEnd.GeoLocation.Infra.Client.IoC", "src\2_Domain\2.3_GeoLocation\CrossBackEnd.GeoLocation.Infra.Client.IoC\CrossBackEnd.GeoLocation.Infra.Client.IoC.csproj", "{CFD1F652-C0E8-4BBB-9F33-26616ADF1F8B}"
EndProject
Project("{9A19103F-16F7-4668-BE54-9A1E7A4F7556}") = "CrossBackEnd.UI.Web.REST.API", "src\1_Presentation\1.2_Web\CrossBackEnd.UI.Web.REST.API\CrossBackEnd.UI.Web.REST.API.csproj", "{C5C06B34-788C-4F48-88C9-E5D634D5585D}"
EndProject
Project("{9A19103F-16F7-4668-BE54-9A1E7A4F7556}") = "CrossBackEnd.Shared.Kernel.Core", "src\2_Domain\2.1_Shared\CrossBackEnd.Shared.Kernel.Core\CrossBackEnd.Shared.Kernel.Core.csproj", "{24924EE1-1BC7-4E4E-A16B-1EC45AE93BCF}"
EndProject
Project("{9A19103F-16F7-4668-BE54-9A1E7A4F7556}") = "CrossBackEnd.GeoLocation.Infra.Server.Data", "src\2_Domain\2.3_GeoLocation\CrossBackEnd.GeoLocation.Infra.Server.Data\CrossBackEnd.GeoLocation.Infra.Server.Data.csproj", "{CD1218AA-2907-4ABF-8168-505FF15E9FFB}"
EndProject
Project("{9A19103F-16F7-4668-BE54-9A1E7A4F7556}") = "CrossBackEnd.GeoLocation.Infra.Server.IoC", "src\2_Domain\2.3_GeoLocation\CrossBackEnd.GeoLocation.Infra.Server.IoC\CrossBackEnd.GeoLocation.Infra.Server.IoC.csproj", "{9D55DC7C-FBB2-41E9-AC70-2EFDBF2397D9}"
EndProject
Project("{2150E333-8FDC-42A3-9474-1A3956D46DE8}") = "1.3 - Mobile", "1.3 - Mobile", "{17E5016B-9DE4-4841-B908-E3D6B25F1DAC}"
EndProject
Project("{2150E333-8FDC-42A3-9474-1A3956D46DE8}") = "1.4 - Desktop", "1.4 - Desktop", "{B2D9A64D-8E2C-4955-9430-DE2F8B0CB334}"
EndProject
Project("{2150E333-8FDC-42A3-9474-1A3956D46DE8}") = "Android", "Android", "{C127C5FF-8B7A-47A8-867E-C7E945C274F8}"
EndProject
Project("{2150E333-8FDC-42A3-9474-1A3956D46DE8}") = "IOs", "IOs", "{A8FB4C28-2E9F-4AB7-AE7B-2CDDFCE0C4A6}"
EndProject
Project("{2150E333-8FDC-42A3-9474-1A3956D46DE8}") = "UWP", "UWP", "{FF1479AB-C549-40B3-AEE7-02CBE366670D}"
EndProject
Project("{2150E333-8FDC-42A3-9474-1A3956D46DE8}") = "Windows", "Windows", "{7B037DDD-604E-48CD-B38F-6B82276F2A7C}"
EndProject
Project("{2150E333-8FDC-42A3-9474-1A3956D46DE8}") = "Mac", "Mac", "{DF37B7FF-B79A-4532-BF36-2B08EBE79404}"
EndProject
Project("{FAE04EC0-301F-11D3-BF4B-00C04F79EFBC}") = "CrossBackEnd.UI.Desktop.Windows.App", "src\1_Presentation\1.4_Desktop\Windows\CrossBackEnd.UI.Desktop.Windows.App\CrossBackEnd.UI.Desktop.Windows.App.csproj", "{9C1C470F-9BB1-45DB-B7AC-9C59683421BC}"
EndProject
Project("{FAE04EC0-301F-11D3-BF4B-00C04F79EFBC}") = "CrossBackEnd.CrossPlatform.Core", "src\1_Presentation\1.1_CrossPlatform\CrossBackEnd.CrossPlatform.Core\CrossBackEnd.CrossPlatform.Core.csproj", "{8FEBC159-BC08-468A-9DBC-E47E4A3EF1B6}"
EndProject
Project("{FAE04EC0-301F-11D3-BF4B-00C04F79EFBC}") = "CrossBackEnd.CrossPlatform.Abstractions", "src\1_Presentation\1.1_CrossPlatform\CrossBackEnd.CrossPlatform.Abstractions\CrossBackEnd.CrossPlatform.Abstractions.csproj", "{C9C80C4A-6031-4EB2-8E9F-9460A2665F93}"
EndProject
Project("{FAE04EC0-301F-11D3-BF4B-00C04F79EFBC}") = "CrossBackEnd.UI.Desktop.Windows.IoC", "src\1_Presentation\1.4_Desktop\Windows\CrossBackEnd.UI.Desktop.Windows.IoC\CrossBackEnd.UI.Desktop.Windows.IoC.csproj", "{E2C87505-151B-4FDA-84B5-1DFA2CB2702A}"
EndProject
Global
	GlobalSection(SolutionConfigurationPlatforms) = preSolution
		Debug|Any CPU = Debug|Any CPU
		Release|Any CPU = Release|Any CPU
	EndGlobalSection
	GlobalSection(ProjectConfigurationPlatforms) = postSolution
		{04F826DC-1524-4070-A03C-EA267D293961}.Debug|Any CPU.ActiveCfg = Debug|Any CPU
		{04F826DC-1524-4070-A03C-EA267D293961}.Debug|Any CPU.Build.0 = Debug|Any CPU
		{04F826DC-1524-4070-A03C-EA267D293961}.Release|Any CPU.ActiveCfg = Release|Any CPU
		{04F826DC-1524-4070-A03C-EA267D293961}.Release|Any CPU.Build.0 = Release|Any CPU
		{70F13F95-0C85-4F2B-BD11-07DD70D88419}.Debug|Any CPU.ActiveCfg = Debug|Any CPU
		{70F13F95-0C85-4F2B-BD11-07DD70D88419}.Debug|Any CPU.Build.0 = Debug|Any CPU
		{70F13F95-0C85-4F2B-BD11-07DD70D88419}.Release|Any CPU.ActiveCfg = Release|Any CPU
		{70F13F95-0C85-4F2B-BD11-07DD70D88419}.Release|Any CPU.Build.0 = Release|Any CPU
		{9E7CE21A-E6A9-4CDB-97C7-FD9844524B69}.Debug|Any CPU.ActiveCfg = Debug|Any CPU
		{9E7CE21A-E6A9-4CDB-97C7-FD9844524B69}.Debug|Any CPU.Build.0 = Debug|Any CPU
		{9E7CE21A-E6A9-4CDB-97C7-FD9844524B69}.Release|Any CPU.ActiveCfg = Release|Any CPU
		{9E7CE21A-E6A9-4CDB-97C7-FD9844524B69}.Release|Any CPU.Build.0 = Release|Any CPU
		{CFD1F652-C0E8-4BBB-9F33-26616ADF1F8B}.Debug|Any CPU.ActiveCfg = Debug|Any CPU
		{CFD1F652-C0E8-4BBB-9F33-26616ADF1F8B}.Debug|Any CPU.Build.0 = Debug|Any CPU
		{CFD1F652-C0E8-4BBB-9F33-26616ADF1F8B}.Release|Any CPU.ActiveCfg = Release|Any CPU
		{CFD1F652-C0E8-4BBB-9F33-26616ADF1F8B}.Release|Any CPU.Build.0 = Release|Any CPU
		{C5C06B34-788C-4F48-88C9-E5D634D5585D}.Debug|Any CPU.ActiveCfg = Debug|Any CPU
		{C5C06B34-788C-4F48-88C9-E5D634D5585D}.Debug|Any CPU.Build.0 = Debug|Any CPU
		{C5C06B34-788C-4F48-88C9-E5D634D5585D}.Release|Any CPU.ActiveCfg = Release|Any CPU
		{C5C06B34-788C-4F48-88C9-E5D634D5585D}.Release|Any CPU.Build.0 = Release|Any CPU
		{24924EE1-1BC7-4E4E-A16B-1EC45AE93BCF}.Debug|Any CPU.ActiveCfg = Debug|Any CPU
		{24924EE1-1BC7-4E4E-A16B-1EC45AE93BCF}.Debug|Any CPU.Build.0 = Debug|Any CPU
		{24924EE1-1BC7-4E4E-A16B-1EC45AE93BCF}.Release|Any CPU.ActiveCfg = Release|Any CPU
		{24924EE1-1BC7-4E4E-A16B-1EC45AE93BCF}.Release|Any CPU.Build.0 = Release|Any CPU
		{CD1218AA-2907-4ABF-8168-505FF15E9FFB}.Debug|Any CPU.ActiveCfg = Debug|Any CPU
		{CD1218AA-2907-4ABF-8168-505FF15E9FFB}.Debug|Any CPU.Build.0 = Debug|Any CPU
		{CD1218AA-2907-4ABF-8168-505FF15E9FFB}.Release|Any CPU.ActiveCfg = Release|Any CPU
		{CD1218AA-2907-4ABF-8168-505FF15E9FFB}.Release|Any CPU.Build.0 = Release|Any CPU
		{9D55DC7C-FBB2-41E9-AC70-2EFDBF2397D9}.Debug|Any CPU.ActiveCfg = Debug|Any CPU
		{9D55DC7C-FBB2-41E9-AC70-2EFDBF2397D9}.Debug|Any CPU.Build.0 = Debug|Any CPU
		{9D55DC7C-FBB2-41E9-AC70-2EFDBF2397D9}.Release|Any CPU.ActiveCfg = Release|Any CPU
		{9D55DC7C-FBB2-41E9-AC70-2EFDBF2397D9}.Release|Any CPU.Build.0 = Release|Any CPU
		{9C1C470F-9BB1-45DB-B7AC-9C59683421BC}.Debug|Any CPU.ActiveCfg = Debug|Any CPU
		{9C1C470F-9BB1-45DB-B7AC-9C59683421BC}.Debug|Any CPU.Build.0 = Debug|Any CPU
		{9C1C470F-9BB1-45DB-B7AC-9C59683421BC}.Release|Any CPU.ActiveCfg = Release|Any CPU
		{9C1C470F-9BB1-45DB-B7AC-9C59683421BC}.Release|Any CPU.Build.0 = Release|Any CPU
		{8FEBC159-BC08-468A-9DBC-E47E4A3EF1B6}.Debug|Any CPU.ActiveCfg = Debug|Any CPU
		{8FEBC159-BC08-468A-9DBC-E47E4A3EF1B6}.Debug|Any CPU.Build.0 = Debug|Any CPU
		{8FEBC159-BC08-468A-9DBC-E47E4A3EF1B6}.Release|Any CPU.ActiveCfg = Release|Any CPU
		{8FEBC159-BC08-468A-9DBC-E47E4A3EF1B6}.Release|Any CPU.Build.0 = Release|Any CPU
		{C9C80C4A-6031-4EB2-8E9F-9460A2665F93}.Debug|Any CPU.ActiveCfg = Debug|Any CPU
		{C9C80C4A-6031-4EB2-8E9F-9460A2665F93}.Debug|Any CPU.Build.0 = Debug|Any CPU
		{C9C80C4A-6031-4EB2-8E9F-9460A2665F93}.Release|Any CPU.ActiveCfg = Release|Any CPU
		{C9C80C4A-6031-4EB2-8E9F-9460A2665F93}.Release|Any CPU.Build.0 = Release|Any CPU
		{E2C87505-151B-4FDA-84B5-1DFA2CB2702A}.Debug|Any CPU.ActiveCfg = Debug|Any CPU
		{E2C87505-151B-4FDA-84B5-1DFA2CB2702A}.Debug|Any CPU.Build.0 = Debug|Any CPU
		{E2C87505-151B-4FDA-84B5-1DFA2CB2702A}.Release|Any CPU.ActiveCfg = Release|Any CPU
		{E2C87505-151B-4FDA-84B5-1DFA2CB2702A}.Release|Any CPU.Build.0 = Release|Any CPU
	EndGlobalSection
	GlobalSection(SolutionProperties) = preSolution
		HideSolutionNode = FALSE
	EndGlobalSection
	GlobalSection(NestedProjects) = preSolution
		{330C1304-1D2E-4307-AA91-A67ABE23F633} = {E4613F6B-F746-48F4-8185-B5795491DEB9}
		{C4A51DC8-D10F-4CFA-8537-8B1F74E80EC9} = {E4613F6B-F746-48F4-8185-B5795491DEB9}
		{19275686-4E0F-406E-9A09-9D6FEA3D4A91} = {F2C6488C-6654-4F91-AF12-996D766AB405}
		{AE690C43-16F6-4830-BC00-F096B69F2629} = {F2C6488C-6654-4F91-AF12-996D766AB405}
		{D5716D2C-5271-4DFE-80CF-AB8F01A545ED} = {F2C6488C-6654-4F91-AF12-996D766AB405}
		{77CD2568-BB80-4C3B-92EC-7D185F2C7E70} = {F2C6488C-6654-4F91-AF12-996D766AB405}
		{BDF402E2-08B2-409F-A653-980AE01EFD7A} = {D5716D2C-5271-4DFE-80CF-AB8F01A545ED}
		{35EC8011-B769-4D33-AA96-12911D038A37} = {D5716D2C-5271-4DFE-80CF-AB8F01A545ED}
		{DB325914-1861-49D1-8AFC-99F749B1AD1B} = {D5716D2C-5271-4DFE-80CF-AB8F01A545ED}
		{EAC4566D-3E1C-4965-AD4F-3ACD88205F81} = {DB325914-1861-49D1-8AFC-99F749B1AD1B}
		{C42FEAD5-1EC6-4654-BC40-31E7A0747B48} = {DB325914-1861-49D1-8AFC-99F749B1AD1B}
		{04F826DC-1524-4070-A03C-EA267D293961} = {35EC8011-B769-4D33-AA96-12911D038A37}
		{70F13F95-0C85-4F2B-BD11-07DD70D88419} = {BDF402E2-08B2-409F-A653-980AE01EFD7A}
		{9E7CE21A-E6A9-4CDB-97C7-FD9844524B69} = {EAC4566D-3E1C-4965-AD4F-3ACD88205F81}
		{CFD1F652-C0E8-4BBB-9F33-26616ADF1F8B} = {C42FEAD5-1EC6-4654-BC40-31E7A0747B48}
		{C5C06B34-788C-4F48-88C9-E5D634D5585D} = {C4A51DC8-D10F-4CFA-8537-8B1F74E80EC9}
		{24924EE1-1BC7-4E4E-A16B-1EC45AE93BCF} = {19275686-4E0F-406E-9A09-9D6FEA3D4A91}
		{CD1218AA-2907-4ABF-8168-505FF15E9FFB} = {EAC4566D-3E1C-4965-AD4F-3ACD88205F81}
		{9D55DC7C-FBB2-41E9-AC70-2EFDBF2397D9} = {C42FEAD5-1EC6-4654-BC40-31E7A0747B48}
		{17E5016B-9DE4-4841-B908-E3D6B25F1DAC} = {E4613F6B-F746-48F4-8185-B5795491DEB9}
		{B2D9A64D-8E2C-4955-9430-DE2F8B0CB334} = {E4613F6B-F746-48F4-8185-B5795491DEB9}
		{C127C5FF-8B7A-47A8-867E-C7E945C274F8} = {17E5016B-9DE4-4841-B908-E3D6B25F1DAC}
		{A8FB4C28-2E9F-4AB7-AE7B-2CDDFCE0C4A6} = {17E5016B-9DE4-4841-B908-E3D6B25F1DAC}
		{FF1479AB-C549-40B3-AEE7-02CBE366670D} = {17E5016B-9DE4-4841-B908-E3D6B25F1DAC}
		{7B037DDD-604E-48CD-B38F-6B82276F2A7C} = {B2D9A64D-8E2C-4955-9430-DE2F8B0CB334}
		{DF37B7FF-B79A-4532-BF36-2B08EBE79404} = {B2D9A64D-8E2C-4955-9430-DE2F8B0CB334}
		{9C1C470F-9BB1-45DB-B7AC-9C59683421BC} = {7B037DDD-604E-48CD-B38F-6B82276F2A7C}
		{8FEBC159-BC08-468A-9DBC-E47E4A3EF1B6} = {330C1304-1D2E-4307-AA91-A67ABE23F633}
		{C9C80C4A-6031-4EB2-8E9F-9460A2665F93} = {330C1304-1D2E-4307-AA91-A67ABE23F633}
		{E2C87505-151B-4FDA-84B5-1DFA2CB2702A} = {7B037DDD-604E-48CD-B38F-6B82276F2A7C}
	EndGlobalSection
	GlobalSection(ExtensibilityGlobals) = postSolution
		SolutionGuid = {2A24C6C6-6FC7-4C7A-A817-0386FC7E7C5A}
	EndGlobalSection
EndGlobal
